
Microsoft Visual Studio Solution File, Format Version 12.00
# Visual Studio 2012
Project("{CC5FD16D-436D-48AD-A40C-5A424C6E3E79}") = "TypeItAzure", "TypeItAzure\TypeItAzure.ccproj", "{223B61A1-C429-4157-89C3-48FF3EDB00AB}"
EndProject
Project("{FAE04EC0-301F-11D3-BF4B-00C04F79EFBC}") = "TypeItWebRole", "TypeItWebRole\TypeItWebRole.csproj", "{847D48B0-D258-40BA-9323-BA4D68CD4293}"
EndProject
Global
	GlobalSection(SolutionConfigurationPlatforms) = preSolution
		Debug|Any CPU = Debug|Any CPU
		Release|Any CPU = Release|Any CPU
	EndGlobalSection
	GlobalSection(ProjectConfigurationPlatforms) = postSolution
		{223B61A1-C429-4157-89C3-48FF3EDB00AB}.Debug|Any CPU.ActiveCfg = Debug|Any CPU
		{223B61A1-C429-4157-89C3-48FF3EDB00AB}.Debug|Any CPU.Build.0 = Debug|Any CPU
		{223B61A1-C429-4157-89C3-48FF3EDB00AB}.Release|Any CPU.ActiveCfg = Release|Any CPU
		{223B61A1-C429-4157-89C3-48FF3EDB00AB}.Release|Any CPU.Build.0 = Release|Any CPU
		{847D48B0-D258-40BA-9323-BA4D68CD4293}.Debug|Any CPU.ActiveCfg = Debug|Any CPU
		{847D48B0-D258-40BA-9323-BA4D68CD4293}.Debug|Any CPU.Build.0 = Debug|Any CPU
		{847D48B0-D258-40BA-9323-BA4D68CD4293}.Release|Any CPU.ActiveCfg = Release|Any CPU
		{847D48B0-D258-40BA-9323-BA4D68CD4293}.Release|Any CPU.Build.0 = Release|Any CPU
	EndGlobalSection
	GlobalSection(SolutionProperties) = preSolution
		HideSolutionNode = FALSE
	EndGlobalSection
EndGlobal
