
Microsoft Visual Studio Solution File, Format Version 12.00
# Visual Studio 2012
Project("{CC5FD16D-436D-48AD-A40C-5A424C6E3E79}") = "TypeItDialerMechanics", "TypeItDialerMechanics\TypeItDialerMechanics.ccproj", "{32D14CB9-D437-4E46-949E-9F661C28CEFE}"
EndProject
Project("{FAE04EC0-301F-11D3-BF4B-00C04F79EFBC}") = "DialerRole", "DialerRole\DialerRole.csproj", "{81C0EDE7-BAEC-4FCF-AD33-510654811F65}"
EndProject
Global
	GlobalSection(SolutionConfigurationPlatforms) = preSolution
		Debug|Any CPU = Debug|Any CPU
		Release|Any CPU = Release|Any CPU
	EndGlobalSection
	GlobalSection(ProjectConfigurationPlatforms) = postSolution
		{32D14CB9-D437-4E46-949E-9F661C28CEFE}.Debug|Any CPU.ActiveCfg = Debug|Any CPU
		{32D14CB9-D437-4E46-949E-9F661C28CEFE}.Debug|Any CPU.Build.0 = Debug|Any CPU
		{32D14CB9-D437-4E46-949E-9F661C28CEFE}.Release|Any CPU.ActiveCfg = Release|Any CPU
		{32D14CB9-D437-4E46-949E-9F661C28CEFE}.Release|Any CPU.Build.0 = Release|Any CPU
		{81C0EDE7-BAEC-4FCF-AD33-510654811F65}.Debug|Any CPU.ActiveCfg = Debug|Any CPU
		{81C0EDE7-BAEC-4FCF-AD33-510654811F65}.Debug|Any CPU.Build.0 = Debug|Any CPU
		{81C0EDE7-BAEC-4FCF-AD33-510654811F65}.Release|Any CPU.ActiveCfg = Release|Any CPU
		{81C0EDE7-BAEC-4FCF-AD33-510654811F65}.Release|Any CPU.Build.0 = Release|Any CPU
	EndGlobalSection
	GlobalSection(SolutionProperties) = preSolution
		HideSolutionNode = FALSE
	EndGlobalSection
EndGlobal
